
Microsoft Visual Studio Solution File, Format Version 12.00
# Visual Studio Version 17
VisualStudioVersion = 17.11.35327.3
MinimumVisualStudioVersion = 10.0.40219.1
Project("{9A19103F-16F7-4668-BE54-9A1E7A4F7556}") = "CustomerManagement.Api", "CustomerManagement.Api\CustomerManagement.Api.csproj", "{728A1857-9110-4DF1-982C-1261232D85D4}"
EndProject
Project("{2150E333-8FDC-42A3-9474-1A3956D46DE8}") = "Tests", "Tests", "{D85A837C-1BA0-4923-924D-4F4C4DCF5D77}"
EndProject
Project("{9A19103F-16F7-4668-BE54-9A1E7A4F7556}") = "CustomerManagement.Api.Tests", "CustomerManagement.Api.Tests\CustomerManagement.Api.Tests.csproj", "{51BAD7D9-1B5C-47D3-924F-98395A267AD7}"
EndProject
Project("{9A19103F-16F7-4668-BE54-9A1E7A4F7556}") = "CustomerManagement.Core", "CustomerManagement.Core\CustomerManagement.Core.csproj", "{B85B4C90-4A1D-49DE-880D-847183C55D7A}"
EndProject
Project("{FAE04EC0-301F-11D3-BF4B-00C04F79EFBC}") = "CustomerManagement.Web", "CustomerManagement.Web\CustomerManagement.Web.csproj", "{68C87ECE-C642-47E2-B5C6-FA364F05F798}"
EndProject
Global
	GlobalSection(SolutionConfigurationPlatforms) = preSolution
		Debug|Any CPU = Debug|Any CPU
		Release|Any CPU = Release|Any CPU
	EndGlobalSection
	GlobalSection(ProjectConfigurationPlatforms) = postSolution
		{728A1857-9110-4DF1-982C-1261232D85D4}.Debug|Any CPU.ActiveCfg = Debug|Any CPU
		{728A1857-9110-4DF1-982C-1261232D85D4}.Debug|Any CPU.Build.0 = Debug|Any CPU
		{728A1857-9110-4DF1-982C-1261232D85D4}.Release|Any CPU.ActiveCfg = Release|Any CPU
		{728A1857-9110-4DF1-982C-1261232D85D4}.Release|Any CPU.Build.0 = Release|Any CPU
		{51BAD7D9-1B5C-47D3-924F-98395A267AD7}.Debug|Any CPU.ActiveCfg = Debug|Any CPU
		{51BAD7D9-1B5C-47D3-924F-98395A267AD7}.Debug|Any CPU.Build.0 = Debug|Any CPU
		{51BAD7D9-1B5C-47D3-924F-98395A267AD7}.Release|Any CPU.ActiveCfg = Release|Any CPU
		{51BAD7D9-1B5C-47D3-924F-98395A267AD7}.Release|Any CPU.Build.0 = Release|Any CPU
		{B85B4C90-4A1D-49DE-880D-847183C55D7A}.Debug|Any CPU.ActiveCfg = Debug|Any CPU
		{B85B4C90-4A1D-49DE-880D-847183C55D7A}.Debug|Any CPU.Build.0 = Debug|Any CPU
		{B85B4C90-4A1D-49DE-880D-847183C55D7A}.Release|Any CPU.ActiveCfg = Release|Any CPU
		{B85B4C90-4A1D-49DE-880D-847183C55D7A}.Release|Any CPU.Build.0 = Release|Any CPU
		{68C87ECE-C642-47E2-B5C6-FA364F05F798}.Debug|Any CPU.ActiveCfg = Debug|Any CPU
		{68C87ECE-C642-47E2-B5C6-FA364F05F798}.Debug|Any CPU.Build.0 = Debug|Any CPU
		{68C87ECE-C642-47E2-B5C6-FA364F05F798}.Release|Any CPU.ActiveCfg = Release|Any CPU
		{68C87ECE-C642-47E2-B5C6-FA364F05F798}.Release|Any CPU.Build.0 = Release|Any CPU
	EndGlobalSection
	GlobalSection(SolutionProperties) = preSolution
		HideSolutionNode = FALSE
	EndGlobalSection
	GlobalSection(NestedProjects) = preSolution
		{51BAD7D9-1B5C-47D3-924F-98395A267AD7} = {D85A837C-1BA0-4923-924D-4F4C4DCF5D77}
	EndGlobalSection
	GlobalSection(ExtensibilityGlobals) = postSolution
		SolutionGuid = {FCB70B1F-6A90-4F37-AF02-506373AA312A}
	EndGlobalSection
EndGlobal
